PODS:
  - SwiftDate (6.1.0)
  - SwiftLint (0.36.0)

DEPENDENCIES:
  - SwiftDate (~> 6.0)
  - SwiftLint

SPEC REPOS:
  trunk:
    - SwiftDate
    - SwiftLint

SPEC CHECKSUMS:
  SwiftDate: fa2bb3962056bb44047b4b85a30044e5eae30b03
  SwiftLint: fc9859e4e1752340664851f667bb1898b9c90114

PODFILE CHECKSUM: 7798a995115017313e5cfeb630c3833ca8f5f1f9

COCOAPODS: 1.8.4
