// !$*UTF8*$!
{
	archiveVersion = 1;
	classes = {
	};
	objectVersion = 51;
	objects = {

/* Begin PBXBuildFile section */
		0F4418B48BD888F2C7FF1470 /* Pods_DistanceBuddy.framework in Frameworks */ = {isa = PBXBuildFile; fileRef = 989B391D780FB644EAD0C864 /* Pods_DistanceBuddy.framework */; };
		2B551CF576A8D619651127EB /* Pods_DistanceBuddyTests.framework in Frameworks */ = {isa = PBXBuildFile; fileRef = 91247BB641A08E692386EEE6 /* Pods_DistanceBuddyTests.framework */; };
		B901E0752371909400EC6E4B /* Utilities.swift in Sources */ = {isa = PBXBuildFile; fileRef = B901E0742371909400EC6E4B /* Utilities.swift */; };
		B901E07A2371955500EC6E4B /* Workouts.xcdatamodeld in Sources */ = {isa = PBXBuildFile; fileRef = B901E0782371955500EC6E4B /* Workouts.xcdatamodeld */; };
		B92E4BC02368E659002E5966 /* AppDelegate.swift in Sources */ = {isa = PBXBuildFile; fileRef = B92E4BBF2368E659002E5966 /* AppDelegate.swift */; };
		B92E4BC22368E659002E5966 /* SceneDelegate.swift in Sources */ = {isa = PBXBuildFile; fileRef = B92E4BC12368E659002E5966 /* SceneDelegate.swift */; };
		B92E4BC42368E659002E5966 /* ViewController.swift in Sources */ = {isa = PBXBuildFile; fileRef = B92E4BC32368E659002E5966 /* ViewController.swift */; };
		B92E4BC72368E659002E5966 /* Main.storyboard in Resources */ = {isa = PBXBuildFile; fileRef = B92E4BC52368E659002E5966 /* Main.storyboard */; };
		B92E4BC92368E65A002E5966 /* Assets.xcassets in Resources */ = {isa = PBXBuildFile; fileRef = B92E4BC82368E65A002E5966 /* Assets.xcassets */; };
		B92E4BCC2368E65A002E5966 /* LaunchScreen.storyboard in Resources */ = {isa = PBXBuildFile; fileRef = B92E4BCA2368E65A002E5966 /* LaunchScreen.storyboard */; };
		B92E4BDD236903A9002E5966 /* HealthKit.framework in Frameworks */ = {isa = PBXBuildFile; fileRef = B92E4BDC236903A9002E5966 /* HealthKit.framework */; };
		B95E60D1236DF42200DCD1C3 /* MileageTableViewController.swift in Sources */ = {isa = PBXBuildFile; fileRef = B95E60D0236DF42200DCD1C3 /* MileageTableViewController.swift */; };
		B95E60D3236DF47500DCD1C3 /* MileageTableViewCell.swift in Sources */ = {isa = PBXBuildFile; fileRef = B95E60D2236DF47500DCD1C3 /* MileageTableViewCell.swift */; };
		B95E60D5236DF82900DCD1C3 /* MileageModel.swift in Sources */ = {isa = PBXBuildFile; fileRef = B95E60D4236DF82900DCD1C3 /* MileageModel.swift */; };
		B95E60DF236E23EB00DCD1C3 /* DefaultCellModel.swift in Sources */ = {isa = PBXBuildFile; fileRef = B95E60DE236E23EB00DCD1C3 /* DefaultCellModel.swift */; };
		B95E60E1236E2B9D00DCD1C3 /* Podfile in Resources */ = {isa = PBXBuildFile; fileRef = B95E60E0236E2B9D00DCD1C3 /* Podfile */; };
		B961A92C236F2ACB0074FFE1 /* AddDistanceViewController.swift in Sources */ = {isa = PBXBuildFile; fileRef = B961A92B236F2ACB0074FFE1 /* AddDistanceViewController.swift */; };
		B961A92E236FB1060074FFE1 /* AddDistanceDelegate.swift in Sources */ = {isa = PBXBuildFile; fileRef = B961A92D236FB1060074FFE1 /* AddDistanceDelegate.swift */; };
		B961A9302370DBBA0074FFE1 /* WorkoutTypeTableViewController.swift in Sources */ = {isa = PBXBuildFile; fileRef = B961A92F2370DBBA0074FFE1 /* WorkoutTypeTableViewController.swift */; };
		B961A9322370DCCE0074FFE1 /* WorkoutTypeTableViewCell.swift in Sources */ = {isa = PBXBuildFile; fileRef = B961A9312370DCCE0074FFE1 /* WorkoutTypeTableViewCell.swift */; };
		B961A9342370F29C0074FFE1 /* WorkoutTypeModel.swift in Sources */ = {isa = PBXBuildFile; fileRef = B961A9332370F29C0074FFE1 /* WorkoutTypeModel.swift */; };
		B961A9362370F6070074FFE1 /* WorkoutTypeDelegate.swift in Sources */ = {isa = PBXBuildFile; fileRef = B961A9352370F6070074FFE1 /* WorkoutTypeDelegate.swift */; };
		B979CB0C237728AD0084BB9B /* DistanceBuddyTests.swift in Sources */ = {isa = PBXBuildFile; fileRef = B979CB0B237728AD0084BB9B /* DistanceBuddyTests.swift */; };
		B979CB14237728E60084BB9B /* UtilitiesTest.swift in Sources */ = {isa = PBXBuildFile; fileRef = B979CB13237728E60084BB9B /* UtilitiesTest.swift */; };
		B9F3BFC42372E66700AAECC9 /* MileageDefaultTableViewCell.swift in Sources */ = {isa = PBXBuildFile; fileRef = B9F3BFC32372E66700AAECC9 /* MileageDefaultTableViewCell.swift */; };
/* End PBXBuildFile section */

/* Begin PBXContainerItemProxy section */
		B979CB0E237728AD0084BB9B /* PBXContainerItemProxy */ = {
			isa = PBXContainerItemProxy;
			containerPortal = B92E4BB42368E659002E5966 /* Project object */;
			proxyType = 1;
			remoteGlobalIDString = B92E4BBB2368E659002E5966;
			remoteInfo = DistanceBuddy;
		};
/* End PBXContainerItemProxy section */

/* Begin PBXFileReference section */
		030AF64AD29978062CB61E6B /* Pods-DistanceBuddyTests.release.xcconfig */ = {isa = PBXFileReference; includeInIndex = 1; lastKnownFileType = text.xcconfig; name = "Pods-DistanceBuddyTests.release.xcconfig"; path = "Target Support Files/Pods-DistanceBuddyTests/Pods-DistanceBuddyTests.release.xcconfig"; sourceTree = "<group>"; };
		0CF9575F04C081E6E94B4ACC /* Pods-DistanceBuddy.release.xcconfig */ = {isa = PBXFileReference; includeInIndex = 1; lastKnownFileType = text.xcconfig; name = "Pods-DistanceBuddy.release.xcconfig"; path = "Target Support Files/Pods-DistanceBuddy/Pods-DistanceBuddy.release.xcconfig"; sourceTree = "<group>"; };
		2CDD129C32958408FBF8FB3A /* Pods-DistanceBuddy.debug.xcconfig */ = {isa = PBXFileReference; includeInIndex = 1; lastKnownFileType = text.xcconfig; name = "Pods-DistanceBuddy.debug.xcconfig"; path = "Target Support Files/Pods-DistanceBuddy/Pods-DistanceBuddy.debug.xcconfig"; sourceTree = "<group>"; };
		2E39A1752AE91A64FD7E2D27 /* Pods-DistanceBuddyTests.debug.xcconfig */ = {isa = PBXFileReference; includeInIndex = 1; lastKnownFileType = text.xcconfig; name = "Pods-DistanceBuddyTests.debug.xcconfig"; path = "Target Support Files/Pods-DistanceBuddyTests/Pods-DistanceBuddyTests.debug.xcconfig"; sourceTree = "<group>"; };
		91247BB641A08E692386EEE6 /* Pods_DistanceBuddyTests.framework */ = {isa = PBXFileReference; explicitFileType = wrapper.framework; includeInIndex = 0; path = Pods_DistanceBuddyTests.framework; sourceTree = BUILT_PRODUCTS_DIR; };
		989B391D780FB644EAD0C864 /* Pods_DistanceBuddy.framework */ = {isa = PBXFileReference; explicitFileType = wrapper.framework; includeInIndex = 0; path = Pods_DistanceBuddy.framework; sourceTree = BUILT_PRODUCTS_DIR; };
		B901E0742371909400EC6E4B /* Utilities.swift */ = {isa = PBXFileReference; lastKnownFileType = sourcecode.swift; path = Utilities.swift; sourceTree = "<group>"; };
		B901E0792371955500EC6E4B /* Workouts.xcdatamodel */ = {isa = PBXFileReference; lastKnownFileType = wrapper.xcdatamodel; path = Workouts.xcdatamodel; sourceTree = "<group>"; };
		B92E4BBC2368E659002E5966 /* DistanceBuddy.app */ = {isa = PBXFileReference; explicitFileType = wrapper.application; includeInIndex = 0; path = DistanceBuddy.app; sourceTree = BUILT_PRODUCTS_DIR; };
		B92E4BBF2368E659002E5966 /* AppDelegate.swift */ = {isa = PBXFileReference; lastKnownFileType = sourcecode.swift; path = AppDelegate.swift; sourceTree = "<group>"; };
		B92E4BC12368E659002E5966 /* SceneDelegate.swift */ = {isa = PBXFileReference; lastKnownFileType = sourcecode.swift; path = SceneDelegate.swift; sourceTree = "<group>"; };
		B92E4BC32368E659002E5966 /* ViewController.swift */ = {isa = PBXFileReference; lastKnownFileType = sourcecode.swift; path = ViewController.swift; sourceTree = "<group>"; };
		B92E4BC62368E659002E5966 /* Base */ = {isa = PBXFileReference; lastKnownFileType = file.storyboard; name = Base; path = Base.lproj/Main.storyboard; sourceTree = "<group>"; };
		B92E4BC82368E65A002E5966 /* Assets.xcassets */ = {isa = PBXFileReference; lastKnownFileType = folder.assetcatalog; path = Assets.xcassets; sourceTree = "<group>"; };
		B92E4BCB2368E65A002E5966 /* Base */ = {isa = PBXFileReference; lastKnownFileType = file.storyboard; name = Base; path = Base.lproj/LaunchScreen.storyboard; sourceTree = "<group>"; };
		B92E4BCD2368E65A002E5966 /* Info.plist */ = {isa = PBXFileReference; lastKnownFileType = text.plist.xml; path = Info.plist; sourceTree = "<group>"; };
		B92E4BDA236903A8002E5966 /* DistanceBuddy.entitlements */ = {isa = PBXFileReference; lastKnownFileType = text.plist.entitlements; path = DistanceBuddy.entitlements; sourceTree = "<group>"; };
		B92E4BDC236903A9002E5966 /* HealthKit.framework */ = {isa = PBXFileReference; lastKnownFileType = wrapper.framework; name = HealthKit.framework; path = System/Library/Frameworks/HealthKit.framework; sourceTree = SDKROOT; };
		B95E60D0236DF42200DCD1C3 /* MileageTableViewController.swift */ = {isa = PBXFileReference; lastKnownFileType = sourcecode.swift; path = MileageTableViewController.swift; sourceTree = "<group>"; };
		B95E60D2236DF47500DCD1C3 /* MileageTableViewCell.swift */ = {isa = PBXFileReference; lastKnownFileType = sourcecode.swift; path = MileageTableViewCell.swift; sourceTree = "<group>"; };
		B95E60D4236DF82900DCD1C3 /* MileageModel.swift */ = {isa = PBXFileReference; lastKnownFileType = sourcecode.swift; path = MileageModel.swift; sourceTree = "<group>"; };
		B95E60DE236E23EB00DCD1C3 /* DefaultCellModel.swift */ = {isa = PBXFileReference; lastKnownFileType = sourcecode.swift; path = DefaultCellModel.swift; sourceTree = "<group>"; };
		B95E60E0236E2B9D00DCD1C3 /* Podfile */ = {isa = PBXFileReference; lastKnownFileType = text; path = Podfile; sourceTree = "<group>"; xcLanguageSpecificationIdentifier = xcode.lang.ruby; };
		B961A92B236F2ACB0074FFE1 /* AddDistanceViewController.swift */ = {isa = PBXFileReference; lastKnownFileType = sourcecode.swift; path = AddDistanceViewController.swift; sourceTree = "<group>"; };
		B961A92D236FB1060074FFE1 /* AddDistanceDelegate.swift */ = {isa = PBXFileReference; lastKnownFileType = sourcecode.swift; path = AddDistanceDelegate.swift; sourceTree = "<group>"; };
		B961A92F2370DBBA0074FFE1 /* WorkoutTypeTableViewController.swift */ = {isa = PBXFileReference; lastKnownFileType = sourcecode.swift; path = WorkoutTypeTableViewController.swift; sourceTree = "<group>"; };
		B961A9312370DCCE0074FFE1 /* WorkoutTypeTableViewCell.swift */ = {isa = PBXFileReference; lastKnownFileType = sourcecode.swift; path = WorkoutTypeTableViewCell.swift; sourceTree = "<group>"; };
		B961A9332370F29C0074FFE1 /* WorkoutTypeModel.swift */ = {isa = PBXFileReference; lastKnownFileType = sourcecode.swift; path = WorkoutTypeModel.swift; sourceTree = "<group>"; };
		B961A9352370F6070074FFE1 /* WorkoutTypeDelegate.swift */ = {isa = PBXFileReference; lastKnownFileType = sourcecode.swift; path = WorkoutTypeDelegate.swift; sourceTree = "<group>"; };
		B979CB09237728AD0084BB9B /* DistanceBuddyTests.xctest */ = {isa = PBXFileReference; explicitFileType = wrapper.cfbundle; includeInIndex = 0; path = DistanceBuddyTests.xctest; sourceTree = BUILT_PRODUCTS_DIR; };
		B979CB0B237728AD0084BB9B /* DistanceBuddyTests.swift */ = {isa = PBXFileReference; lastKnownFileType = sourcecode.swift; path = DistanceBuddyTests.swift; sourceTree = "<group>"; };
		B979CB0D237728AD0084BB9B /* Info.plist */ = {isa = PBXFileReference; lastKnownFileType = text.plist.xml; path = Info.plist; sourceTree = "<group>"; };
		B979CB13237728E60084BB9B /* UtilitiesTest.swift */ = {isa = PBXFileReference; lastKnownFileType = sourcecode.swift; name = UtilitiesTest.swift; path = /Users/mcrowder65/DistanceBuddy/DistanceBuddyTests/UtilitiesTest.swift; sourceTree = "<absolute>"; };
		B9F3BFC32372E66700AAECC9 /* MileageDefaultTableViewCell.swift */ = {isa = PBXFileReference; lastKnownFileType = sourcecode.swift; path = MileageDefaultTableViewCell.swift; sourceTree = "<group>"; };
/* End PBXFileReference section */

/* Begin PBXFrameworksBuildPhase section */
		B92E4BB92368E659002E5966 /* Frameworks */ = {
			isa = PBXFrameworksBuildPhase;
			buildActionMask = 2147483647;
			files = (
				B92E4BDD236903A9002E5966 /* HealthKit.framework in Frameworks */,
				0F4418B48BD888F2C7FF1470 /* Pods_DistanceBuddy.framework in Frameworks */,
			);
			runOnlyForDeploymentPostprocessing = 0;
		};
		B979CB06237728AD0084BB9B /* Frameworks */ = {
			isa = PBXFrameworksBuildPhase;
			buildActionMask = 2147483647;
			files = (
				2B551CF576A8D619651127EB /* Pods_DistanceBuddyTests.framework in Frameworks */,
			);
			runOnlyForDeploymentPostprocessing = 0;
		};
/* End PBXFrameworksBuildPhase section */

/* Begin PBXGroup section */
		B92E4BB32368E659002E5966 = {
			isa = PBXGroup;
			children = (
				B95E60E0236E2B9D00DCD1C3 /* Podfile */,
				B92E4BBE2368E659002E5966 /* DistanceBuddy */,
				B979CB0A237728AD0084BB9B /* DistanceBuddyTests */,
				B92E4BBD2368E659002E5966 /* Products */,
				B92E4BDB236903A9002E5966 /* Frameworks */,
				C55887782E254C100C97B4F4 /* Pods */,
			);
			sourceTree = "<group>";
		};
		B92E4BBD2368E659002E5966 /* Products */ = {
			isa = PBXGroup;
			children = (
				B92E4BBC2368E659002E5966 /* DistanceBuddy.app */,
				B979CB09237728AD0084BB9B /* DistanceBuddyTests.xctest */,
			);
			name = Products;
			sourceTree = "<group>";
		};
		B92E4BBE2368E659002E5966 /* DistanceBuddy */ = {
			isa = PBXGroup;
			children = (
				B97314F2238201E4002901DB /* Storyboards */,
				B97314F1238201D9002901DB /* Cells */,
				B97314F023820177002901DB /* Delegates */,
				B97314EF23820117002901DB /* View Controllers */,
				B97314EE238200C5002901DB /* Models */,
				B92E4BDA236903A8002E5966 /* DistanceBuddy.entitlements */,
				B92E4BC82368E65A002E5966 /* Assets.xcassets */,
				B92E4BCD2368E65A002E5966 /* Info.plist */,
				B901E0742371909400EC6E4B /* Utilities.swift */,
				B901E0782371955500EC6E4B /* Workouts.xcdatamodeld */,
			);
			path = DistanceBuddy;
			sourceTree = "<group>";
		};
		B92E4BDB236903A9002E5966 /* Frameworks */ = {
			isa = PBXGroup;
			children = (
				B92E4BDC236903A9002E5966 /* HealthKit.framework */,
				989B391D780FB644EAD0C864 /* Pods_DistanceBuddy.framework */,
				91247BB641A08E692386EEE6 /* Pods_DistanceBuddyTests.framework */,
			);
			name = Frameworks;
			sourceTree = "<group>";
		};
		B97314EE238200C5002901DB /* Models */ = {
			isa = PBXGroup;
			children = (
				B961A9332370F29C0074FFE1 /* WorkoutTypeModel.swift */,
				B95E60DE236E23EB00DCD1C3 /* DefaultCellModel.swift */,
				B95E60D4236DF82900DCD1C3 /* MileageModel.swift */,
			);
			path = Models;
			sourceTree = "<group>";
		};
		B97314EF23820117002901DB /* View Controllers */ = {
			isa = PBXGroup;
			children = (
				B92E4BC32368E659002E5966 /* ViewController.swift */,
				B95E60D0236DF42200DCD1C3 /* MileageTableViewController.swift */,
				B961A92B236F2ACB0074FFE1 /* AddDistanceViewController.swift */,
				B961A92F2370DBBA0074FFE1 /* WorkoutTypeTableViewController.swift */,
			);
			path = "View Controllers";
			sourceTree = "<group>";
		};
		B97314F023820177002901DB /* Delegates */ = {
			isa = PBXGroup;
			children = (
				B92E4BBF2368E659002E5966 /* AppDelegate.swift */,
				B92E4BC12368E659002E5966 /* SceneDelegate.swift */,
				B961A92D236FB1060074FFE1 /* AddDistanceDelegate.swift */,
				B961A9352370F6070074FFE1 /* WorkoutTypeDelegate.swift */,
			);
			path = Delegates;
			sourceTree = "<group>";
		};
		B97314F1238201D9002901DB /* Cells */ = {
			isa = PBXGroup;
			children = (
				B95E60D2236DF47500DCD1C3 /* MileageTableViewCell.swift */,
				B9F3BFC32372E66700AAECC9 /* MileageDefaultTableViewCell.swift */,
				B961A9312370DCCE0074FFE1 /* WorkoutTypeTableViewCell.swift */,
			);
			path = Cells;
			sourceTree = "<group>";
		};
		B97314F2238201E4002901DB /* Storyboards */ = {
			isa = PBXGroup;
			children = (
				B92E4BC52368E659002E5966 /* Main.storyboard */,
				B92E4BCA2368E65A002E5966 /* LaunchScreen.storyboard */,
			);
			path = Storyboards;
			sourceTree = "<group>";
		};
		B979CB0A237728AD0084BB9B /* DistanceBuddyTests */ = {
			isa = PBXGroup;
			children = (
				B979CB13237728E60084BB9B /* UtilitiesTest.swift */,
				B979CB0B237728AD0084BB9B /* DistanceBuddyTests.swift */,
				B979CB0D237728AD0084BB9B /* Info.plist */,
			);
			path = DistanceBuddyTests;
			sourceTree = "<group>";
		};
		C55887782E254C100C97B4F4 /* Pods */ = {
			isa = PBXGroup;
			children = (
				2CDD129C32958408FBF8FB3A /* Pods-DistanceBuddy.debug.xcconfig */,
				0CF9575F04C081E6E94B4ACC /* Pods-DistanceBuddy.release.xcconfig */,
				2E39A1752AE91A64FD7E2D27 /* Pods-DistanceBuddyTests.debug.xcconfig */,
				030AF64AD29978062CB61E6B /* Pods-DistanceBuddyTests.release.xcconfig */,
			);
			path = Pods;
			sourceTree = "<group>";
		};
/* End PBXGroup section */

/* Begin PBXNativeTarget section */
		B92E4BBB2368E659002E5966 /* DistanceBuddy */ = {
			isa = PBXNativeTarget;
			buildConfigurationList = B92E4BD02368E65A002E5966 /* Build configuration list for PBXNativeTarget "DistanceBuddy" */;
			buildPhases = (
				5A98B8DF6CFFF496F061CE07 /* [CP] Check Pods Manifest.lock */,
				B97314F523820781002901DB /* ShellScript */,
				B92E4BB82368E659002E5966 /* Sources */,
				B92E4BB92368E659002E5966 /* Frameworks */,
				B92E4BBA2368E659002E5966 /* Resources */,
				47EF40D6F7FEA8829095B346 /* [CP] Embed Pods Frameworks */,
				B961A92A236F138B0074FFE1 /* ShellScript */,
			);
			buildRules = (
			);
			dependencies = (
			);
			name = DistanceBuddy;
			productName = DistanceBuddy;
			productReference = B92E4BBC2368E659002E5966 /* DistanceBuddy.app */;
			productType = "com.apple.product-type.application";
		};
		B979CB08237728AD0084BB9B /* DistanceBuddyTests */ = {
			isa = PBXNativeTarget;
			buildConfigurationList = B979CB12237728AE0084BB9B /* Build configuration list for PBXNativeTarget "DistanceBuddyTests" */;
			buildPhases = (
				01E7D8CA9124F2370A02DC8D /* [CP] Check Pods Manifest.lock */,
				B979CB05237728AD0084BB9B /* Sources */,
				B979CB06237728AD0084BB9B /* Frameworks */,
				B979CB07237728AD0084BB9B /* Resources */,
				2BE6725008A03D6069F844A2 /* [CP] Embed Pods Frameworks */,
			);
			buildRules = (
			);
			dependencies = (
				B979CB0F237728AD0084BB9B /* PBXTargetDependency */,
			);
			name = DistanceBuddyTests;
			productName = DistanceBuddyTests;
			productReference = B979CB09237728AD0084BB9B /* DistanceBuddyTests.xctest */;
			productType = "com.apple.product-type.bundle.unit-test";
		};
/* End PBXNativeTarget section */

/* Begin PBXProject section */
		B92E4BB42368E659002E5966 /* Project object */ = {
			isa = PBXProject;
			attributes = {
				LastSwiftUpdateCheck = 1110;
				LastUpgradeCheck = 1110;
				ORGANIZATIONNAME = Matt;
				TargetAttributes = {
					B92E4BBB2368E659002E5966 = {
						CreatedOnToolsVersion = 11.1;
					};
					B979CB08237728AD0084BB9B = {
						CreatedOnToolsVersion = 11.1;
						TestTargetID = B92E4BBB2368E659002E5966;
					};
				};
			};
			buildConfigurationList = B92E4BB72368E659002E5966 /* Build configuration list for PBXProject "DistanceBuddy" */;
			compatibilityVersion = "Xcode 9.3";
			developmentRegion = en;
			hasScannedForEncodings = 0;
			knownRegions = (
				en,
				Base,
			);
			mainGroup = B92E4BB32368E659002E5966;
			productRefGroup = B92E4BBD2368E659002E5966 /* Products */;
			projectDirPath = "";
			projectRoot = "";
			targets = (
				B92E4BBB2368E659002E5966 /* DistanceBuddy */,
				B979CB08237728AD0084BB9B /* DistanceBuddyTests */,
			);
		};
/* End PBXProject section */

/* Begin PBXResourcesBuildPhase section */
		B92E4BBA2368E659002E5966 /* Resources */ = {
			isa = PBXResourcesBuildPhase;
			buildActionMask = 2147483647;
			files = (
				B92E4BCC2368E65A002E5966 /* LaunchScreen.storyboard in Resources */,
				B92E4BC92368E65A002E5966 /* Assets.xcassets in Resources */,
				B95E60E1236E2B9D00DCD1C3 /* Podfile in Resources */,
				B92E4BC72368E659002E5966 /* Main.storyboard in Resources */,
			);
			runOnlyForDeploymentPostprocessing = 0;
		};
		B979CB07237728AD0084BB9B /* Resources */ = {
			isa = PBXResourcesBuildPhase;
			buildActionMask = 2147483647;
			files = (
			);
			runOnlyForDeploymentPostprocessing = 0;
		};
/* End PBXResourcesBuildPhase section */

/* Begin PBXShellScriptBuildPhase section */
		01E7D8CA9124F2370A02DC8D /* [CP] Check Pods Manifest.lock */ = {
			isa = PBXShellScriptBuildPhase;
			buildActionMask = 2147483647;
			files = (
			);
			inputFileListPaths = (
			);
			inputPaths = (
				"${PODS_PODFILE_DIR_PATH}/Podfile.lock",
				"${PODS_ROOT}/Manifest.lock",
			);
			name = "[CP] Check Pods Manifest.lock";
			outputFileListPaths = (
			);
			outputPaths = (
				"$(DERIVED_FILE_DIR)/Pods-DistanceBuddyTests-checkManifestLockResult.txt",
			);
			runOnlyForDeploymentPostprocessing = 0;
			shellPath = /bin/sh;
			shellScript = "diff \"${PODS_PODFILE_DIR_PATH}/Podfile.lock\" \"${PODS_ROOT}/Manifest.lock\" > /dev/null\nif [ $? != 0 ] ; then\n    # print error to STDERR\n    echo \"error: The sandbox is not in sync with the Podfile.lock. Run 'pod install' or update your CocoaPods installation.\" >&2\n    exit 1\nfi\n# This output is used by Xcode 'outputs' to avoid re-running this script phase.\necho \"SUCCESS\" > \"${SCRIPT_OUTPUT_FILE_0}\"\n";
			showEnvVarsInLog = 0;
		};
		2BE6725008A03D6069F844A2 /* [CP] Embed Pods Frameworks */ = {
			isa = PBXShellScriptBuildPhase;
			buildActionMask = 2147483647;
			files = (
			);
			inputFileListPaths = (
				"${PODS_ROOT}/Target Support Files/Pods-DistanceBuddyTests/Pods-DistanceBuddyTests-frameworks-${CONFIGURATION}-input-files.xcfilelist",
			);
			name = "[CP] Embed Pods Frameworks";
			outputFileListPaths = (
				"${PODS_ROOT}/Target Support Files/Pods-DistanceBuddyTests/Pods-DistanceBuddyTests-frameworks-${CONFIGURATION}-output-files.xcfilelist",
			);
			runOnlyForDeploymentPostprocessing = 0;
			shellPath = /bin/sh;
			shellScript = "\"${PODS_ROOT}/Target Support Files/Pods-DistanceBuddyTests/Pods-DistanceBuddyTests-frameworks.sh\"\n";
			showEnvVarsInLog = 0;
		};
		47EF40D6F7FEA8829095B346 /* [CP] Embed Pods Frameworks */ = {
			isa = PBXShellScriptBuildPhase;
			buildActionMask = 2147483647;
			files = (
			);
			inputFileListPaths = (
				"${PODS_ROOT}/Target Support Files/Pods-DistanceBuddy/Pods-DistanceBuddy-frameworks-${CONFIGURATION}-input-files.xcfilelist",
			);
			name = "[CP] Embed Pods Frameworks";
			outputFileListPaths = (
				"${PODS_ROOT}/Target Support Files/Pods-DistanceBuddy/Pods-DistanceBuddy-frameworks-${CONFIGURATION}-output-files.xcfilelist",
			);
			runOnlyForDeploymentPostprocessing = 0;
			shellPath = /bin/sh;
			shellScript = "\"${PODS_ROOT}/Target Support Files/Pods-DistanceBuddy/Pods-DistanceBuddy-frameworks.sh\"\n";
			showEnvVarsInLog = 0;
		};
		5A98B8DF6CFFF496F061CE07 /* [CP] Check Pods Manifest.lock */ = {
			isa = PBXShellScriptBuildPhase;
			buildActionMask = 2147483647;
			files = (
			);
			inputFileListPaths = (
			);
			inputPaths = (
				"${PODS_PODFILE_DIR_PATH}/Podfile.lock",
				"${PODS_ROOT}/Manifest.lock",
			);
			name = "[CP] Check Pods Manifest.lock";
			outputFileListPaths = (
			);
			outputPaths = (
				"$(DERIVED_FILE_DIR)/Pods-DistanceBuddy-checkManifestLockResult.txt",
			);
			runOnlyForDeploymentPostprocessing = 0;
			shellPath = /bin/sh;
			shellScript = "diff \"${PODS_PODFILE_DIR_PATH}/Podfile.lock\" \"${PODS_ROOT}/Manifest.lock\" > /dev/null\nif [ $? != 0 ] ; then\n    # print error to STDERR\n    echo \"error: The sandbox is not in sync with the Podfile.lock. Run 'pod install' or update your CocoaPods installation.\" >&2\n    exit 1\nfi\n# This output is used by Xcode 'outputs' to avoid re-running this script phase.\necho \"SUCCESS\" > \"${SCRIPT_OUTPUT_FILE_0}\"\n";
			showEnvVarsInLog = 0;
		};
		B961A92A236F138B0074FFE1 /* ShellScript */ = {
			isa = PBXShellScriptBuildPhase;
			buildActionMask = 2147483647;
			files = (
			);
			inputFileListPaths = (
			);
			inputPaths = (
			);
			outputFileListPaths = (
			);
			outputPaths = (
			);
			runOnlyForDeploymentPostprocessing = 0;
			shellPath = /bin/sh;
			shellScript = "# Type a script or drag a script file from your workspace to insert its path.\nif which swiftlint >/dev/null; then\n  swiftlint\nelse\n  echo \"warning: SwiftLint not installed, download from https://github.com/realm/SwiftLint\"\nfi\n";
		};
		B97314F523820781002901DB /* ShellScript */ = {
			isa = PBXShellScriptBuildPhase;
			buildActionMask = 2147483647;
			files = (
			);
			inputFileListPaths = (
			);
			inputPaths = (
			);
			outputFileListPaths = (
			);
			outputPaths = (
			);
			runOnlyForDeploymentPostprocessing = 0;
			shellPath = /bin/sh;
			shellScript = "# Type a script or drag a script file from your workspace to insert its path.\nPods/SwiftFormat/CommandLineTool/swiftformat .\n";
		};
/* End PBXShellScriptBuildPhase section */

/* Begin PBXSourcesBuildPhase section */
		B92E4BB82368E659002E5966 /* Sources */ = {
			isa = PBXSourcesBuildPhase;
			buildActionMask = 2147483647;
			files = (
				B95E60D1236DF42200DCD1C3 /* MileageTableViewController.swift in Sources */,
				B961A9322370DCCE0074FFE1 /* WorkoutTypeTableViewCell.swift in Sources */,
				B961A92E236FB1060074FFE1 /* AddDistanceDelegate.swift in Sources */,
				B901E0752371909400EC6E4B /* Utilities.swift in Sources */,
				B95E60DF236E23EB00DCD1C3 /* DefaultCellModel.swift in Sources */,
				B961A92C236F2ACB0074FFE1 /* AddDistanceViewController.swift in Sources */,
				B92E4BC42368E659002E5966 /* ViewController.swift in Sources */,
				B961A9302370DBBA0074FFE1 /* WorkoutTypeTableViewController.swift in Sources */,
				B961A9342370F29C0074FFE1 /* WorkoutTypeModel.swift in Sources */,
				B95E60D3236DF47500DCD1C3 /* MileageTableViewCell.swift in Sources */,
				B901E07A2371955500EC6E4B /* Workouts.xcdatamodeld in Sources */,
				B961A9362370F6070074FFE1 /* WorkoutTypeDelegate.swift in Sources */,
				B92E4BC02368E659002E5966 /* AppDelegate.swift in Sources */,
				B95E60D5236DF82900DCD1C3 /* MileageModel.swift in Sources */,
				B92E4BC22368E659002E5966 /* SceneDelegate.swift in Sources */,
				B9F3BFC42372E66700AAECC9 /* MileageDefaultTableViewCell.swift in Sources */,
			);
			runOnlyForDeploymentPostprocessing = 0;
		};
		B979CB05237728AD0084BB9B /* Sources */ = {
			isa = PBXSourcesBuildPhase;
			buildActionMask = 2147483647;
			files = (
				B979CB14237728E60084BB9B /* UtilitiesTest.swift in Sources */,
				B979CB0C237728AD0084BB9B /* DistanceBuddyTests.swift in Sources */,
			);
			runOnlyForDeploymentPostprocessing = 0;
		};
/* End PBXSourcesBuildPhase section */

/* Begin PBXTargetDependency section */
		B979CB0F237728AD0084BB9B /* PBXTargetDependency */ = {
			isa = PBXTargetDependency;
			target = B92E4BBB2368E659002E5966 /* DistanceBuddy */;
			targetProxy = B979CB0E237728AD0084BB9B /* PBXContainerItemProxy */;
		};
/* End PBXTargetDependency section */

/* Begin PBXVariantGroup section */
		B92E4BC52368E659002E5966 /* Main.storyboard */ = {
			isa = PBXVariantGroup;
			children = (
				B92E4BC62368E659002E5966 /* Base */,
			);
			name = Main.storyboard;
			sourceTree = "<group>";
		};
		B92E4BCA2368E65A002E5966 /* LaunchScreen.storyboard */ = {
			isa = PBXVariantGroup;
			children = (
				B92E4BCB2368E65A002E5966 /* Base */,
			);
			name = LaunchScreen.storyboard;
			sourceTree = "<group>";
		};
/* End PBXVariantGroup section */

/* Begin XCBuildConfiguration section */
		B92E4BCE2368E65A002E5966 /* Debug */ = {
			isa = XCBuildConfiguration;
			buildSettings = {
				ALWAYS_SEARCH_USER_PATHS = NO;
				CLANG_ANALYZER_NONNULL = YES;
				CLANG_ANALYZER_NUMBER_OBJECT_CONVERSION = YES_AGGRESSIVE;
				CLANG_CXX_LANGUAGE_STANDARD = "gnu++14";
				CLANG_CXX_LIBRARY = "libc++";
				CLANG_ENABLE_MODULES = YES;
				CLANG_ENABLE_OBJC_ARC = YES;
				CLANG_ENABLE_OBJC_WEAK = YES;
				CLANG_WARN_BLOCK_CAPTURE_AUTORELEASING = YES;
				CLANG_WARN_BOOL_CONVERSION = YES;
				CLANG_WARN_COMMA = YES;
				CLANG_WARN_CONSTANT_CONVERSION = YES;
				CLANG_WARN_DEPRECATED_OBJC_IMPLEMENTATIONS = YES;
				CLANG_WARN_DIRECT_OBJC_ISA_USAGE = YES_ERROR;
				CLANG_WARN_DOCUMENTATION_COMMENTS = YES;
				CLANG_WARN_EMPTY_BODY = YES;
				CLANG_WARN_ENUM_CONVERSION = YES;
				CLANG_WARN_INFINITE_RECURSION = YES;
				CLANG_WARN_INT_CONVERSION = YES;
				CLANG_WARN_NON_LITERAL_NULL_CONVERSION = YES;
				CLANG_WARN_OBJC_IMPLICIT_RETAIN_SELF = YES;
				CLANG_WARN_OBJC_LITERAL_CONVERSION = YES;
				CLANG_WARN_OBJC_ROOT_CLASS = YES_ERROR;
				CLANG_WARN_RANGE_LOOP_ANALYSIS = YES;
				CLANG_WARN_STRICT_PROTOTYPES = YES;
				CLANG_WARN_SUSPICIOUS_MOVE = YES;
				CLANG_WARN_UNGUARDED_AVAILABILITY = YES_AGGRESSIVE;
				CLANG_WARN_UNREACHABLE_CODE = YES;
				CLANG_WARN__DUPLICATE_METHOD_MATCH = YES;
				COPY_PHASE_STRIP = NO;
				DEBUG_INFORMATION_FORMAT = dwarf;
				ENABLE_STRICT_OBJC_MSGSEND = YES;
				ENABLE_TESTABILITY = YES;
				GCC_C_LANGUAGE_STANDARD = gnu11;
				GCC_DYNAMIC_NO_PIC = NO;
				GCC_NO_COMMON_BLOCKS = YES;
				GCC_OPTIMIZATION_LEVEL = 0;
				GCC_PREPROCESSOR_DEFINITIONS = (
					"DEBUG=1",
					"$(inherited)",
				);
				GCC_WARN_64_TO_32_BIT_CONVERSION = YES;
				GCC_WARN_ABOUT_RETURN_TYPE = YES_ERROR;
				GCC_WARN_UNDECLARED_SELECTOR = YES;
				GCC_WARN_UNINITIALIZED_AUTOS = YES_AGGRESSIVE;
				GCC_WARN_UNUSED_FUNCTION = YES;
				GCC_WARN_UNUSED_VARIABLE = YES;
				IPHONEOS_DEPLOYMENT_TARGET = 13.1;
				MTL_ENABLE_DEBUG_INFO = INCLUDE_SOURCE;
				MTL_FAST_MATH = YES;
				ONLY_ACTIVE_ARCH = YES;
				SDKROOT = iphoneos;
				SWIFT_ACTIVE_COMPILATION_CONDITIONS = DEBUG;
				SWIFT_OPTIMIZATION_LEVEL = "-Onone";
			};
			name = Debug;
		};
		B92E4BCF2368E65A002E5966 /* Release */ = {
			isa = XCBuildConfiguration;
			buildSettings = {
				ALWAYS_SEARCH_USER_PATHS = NO;
				CLANG_ANALYZER_NONNULL = YES;
				CLANG_ANALYZER_NUMBER_OBJECT_CONVERSION = YES_AGGRESSIVE;
				CLANG_CXX_LANGUAGE_STANDARD = "gnu++14";
				CLANG_CXX_LIBRARY = "libc++";
				CLANG_ENABLE_MODULES = YES;
				CLANG_ENABLE_OBJC_ARC = YES;
				CLANG_ENABLE_OBJC_WEAK = YES;
				CLANG_WARN_BLOCK_CAPTURE_AUTORELEASING = YES;
				CLANG_WARN_BOOL_CONVERSION = YES;
				CLANG_WARN_COMMA = YES;
				CLANG_WARN_CONSTANT_CONVERSION = YES;
				CLANG_WARN_DEPRECATED_OBJC_IMPLEMENTATIONS = YES;
				CLANG_WARN_DIRECT_OBJC_ISA_USAGE = YES_ERROR;
				CLANG_WARN_DOCUMENTATION_COMMENTS = YES;
				CLANG_WARN_EMPTY_BODY = YES;
				CLANG_WARN_ENUM_CONVERSION = YES;
				CLANG_WARN_INFINITE_RECURSION = YES;
				CLANG_WARN_INT_CONVERSION = YES;
				CLANG_WARN_NON_LITERAL_NULL_CONVERSION = YES;
				CLANG_WARN_OBJC_IMPLICIT_RETAIN_SELF = YES;
				CLANG_WARN_OBJC_LITERAL_CONVERSION = YES;
				CLANG_WARN_OBJC_ROOT_CLASS = YES_ERROR;
				CLANG_WARN_RANGE_LOOP_ANALYSIS = YES;
				CLANG_WARN_STRICT_PROTOTYPES = YES;
				CLANG_WARN_SUSPICIOUS_MOVE = YES;
				CLANG_WARN_UNGUARDED_AVAILABILITY = YES_AGGRESSIVE;
				CLANG_WARN_UNREACHABLE_CODE = YES;
				CLANG_WARN__DUPLICATE_METHOD_MATCH = YES;
				COPY_PHASE_STRIP = NO;
				DEBUG_INFORMATION_FORMAT = "dwarf-with-dsym";
				ENABLE_NS_ASSERTIONS = NO;
				ENABLE_STRICT_OBJC_MSGSEND = YES;
				GCC_C_LANGUAGE_STANDARD = gnu11;
				GCC_NO_COMMON_BLOCKS = YES;
				GCC_WARN_64_TO_32_BIT_CONVERSION = YES;
				GCC_WARN_ABOUT_RETURN_TYPE = YES_ERROR;
				GCC_WARN_UNDECLARED_SELECTOR = YES;
				GCC_WARN_UNINITIALIZED_AUTOS = YES_AGGRESSIVE;
				GCC_WARN_UNUSED_FUNCTION = YES;
				GCC_WARN_UNUSED_VARIABLE = YES;
				IPHONEOS_DEPLOYMENT_TARGET = 13.1;
				MTL_ENABLE_DEBUG_INFO = NO;
				MTL_FAST_MATH = YES;
				SDKROOT = iphoneos;
				SWIFT_COMPILATION_MODE = wholemodule;
				SWIFT_OPTIMIZATION_LEVEL = "-O";
				VALIDATE_PRODUCT = YES;
			};
			name = Release;
		};
		B92E4BD12368E65A002E5966 /* Debug */ = {
			isa = XCBuildConfiguration;
			baseConfigurationReference = 2CDD129C32958408FBF8FB3A /* Pods-DistanceBuddy.debug.xcconfig */;
			buildSettings = {
				ASSETCATALOG_COMPILER_APPICON_NAME = AppIcon;
				CODE_SIGN_ENTITLEMENTS = DistanceBuddy/DistanceBuddy.entitlements;
				CODE_SIGN_STYLE = Automatic;
				DEVELOPMENT_TEAM = K3B8L56Y75;
				INFOPLIST_FILE = DistanceBuddy/Info.plist;
				IPHONEOS_DEPLOYMENT_TARGET = 12.0;
				LD_RUNPATH_SEARCH_PATHS = (
					"$(inherited)",
					"@executable_path/Frameworks",
				);
				PRODUCT_BUNDLE_IDENTIFIER = com.matt.DistanceBuddy;
				PRODUCT_NAME = "$(TARGET_NAME)";
				SWIFT_VERSION = 5.0;
				TARGETED_DEVICE_FAMILY = "1,2";
			};
			name = Debug;
		};
		B92E4BD22368E65A002E5966 /* Release */ = {
			isa = XCBuildConfiguration;
			baseConfigurationReference = 0CF9575F04C081E6E94B4ACC /* Pods-DistanceBuddy.release.xcconfig */;
			buildSettings = {
				ASSETCATALOG_COMPILER_APPICON_NAME = AppIcon;
				CODE_SIGN_ENTITLEMENTS = DistanceBuddy/DistanceBuddy.entitlements;
				CODE_SIGN_STYLE = Automatic;
				DEVELOPMENT_TEAM = K3B8L56Y75;
				INFOPLIST_FILE = DistanceBuddy/Info.plist;
				IPHONEOS_DEPLOYMENT_TARGET = 12.0;
				LD_RUNPATH_SEARCH_PATHS = (
					"$(inherited)",
					"@executable_path/Frameworks",
				);
				PRODUCT_BUNDLE_IDENTIFIER = com.matt.DistanceBuddy;
				PRODUCT_NAME = "$(TARGET_NAME)";
				SWIFT_VERSION = 5.0;
				TARGETED_DEVICE_FAMILY = "1,2";
			};
			name = Release;
		};
		B979CB10237728AE0084BB9B /* Debug */ = {
			isa = XCBuildConfiguration;
			baseConfigurationReference = 2E39A1752AE91A64FD7E2D27 /* Pods-DistanceBuddyTests.debug.xcconfig */;
			buildSettings = {
				BUNDLE_LOADER = "$(TEST_HOST)";
				CODE_SIGN_STYLE = Automatic;
				DEVELOPMENT_TEAM = K3B8L56Y75;
				INFOPLIST_FILE = DistanceBuddyTests/Info.plist;
				IPHONEOS_DEPLOYMENT_TARGET = 12.0;
				LD_RUNPATH_SEARCH_PATHS = (
					"$(inherited)",
					"@executable_path/Frameworks",
					"@loader_path/Frameworks",
				);
				PRODUCT_BUNDLE_IDENTIFIER = com.matt.DistanceBuddyTests;
				PRODUCT_NAME = "$(TARGET_NAME)";
				SWIFT_VERSION = 5.0;
				TARGETED_DEVICE_FAMILY = "1,2";
				TEST_HOST = "$(BUILT_PRODUCTS_DIR)/DistanceBuddy.app/DistanceBuddy";
			};
			name = Debug;
		};
		B979CB11237728AE0084BB9B /* Release */ = {
			isa = XCBuildConfiguration;
			baseConfigurationReference = 030AF64AD29978062CB61E6B /* Pods-DistanceBuddyTests.release.xcconfig */;
			buildSettings = {
				BUNDLE_LOADER = "$(TEST_HOST)";
				CODE_SIGN_STYLE = Automatic;
				DEVELOPMENT_TEAM = K3B8L56Y75;
				INFOPLIST_FILE = DistanceBuddyTests/Info.plist;
				IPHONEOS_DEPLOYMENT_TARGET = 12.0;
				LD_RUNPATH_SEARCH_PATHS = (
					"$(inherited)",
					"@executable_path/Frameworks",
					"@loader_path/Frameworks",
				);
				PRODUCT_BUNDLE_IDENTIFIER = com.matt.DistanceBuddyTests;
				PRODUCT_NAME = "$(TARGET_NAME)";
				SWIFT_VERSION = 5.0;
				TARGETED_DEVICE_FAMILY = "1,2";
				TEST_HOST = "$(BUILT_PRODUCTS_DIR)/DistanceBuddy.app/DistanceBuddy";
			};
			name = Release;
		};
/* End XCBuildConfiguration section */

/* Begin XCConfigurationList section */
		B92E4BB72368E659002E5966 /* Build configuration list for PBXProject "DistanceBuddy" */ = {
			isa = XCConfigurationList;
			buildConfigurations = (
				B92E4BCE2368E65A002E5966 /* Debug */,
				B92E4BCF2368E65A002E5966 /* Release */,
			);
			defaultConfigurationIsVisible = 0;
			defaultConfigurationName = Release;
		};
		B92E4BD02368E65A002E5966 /* Build configuration list for PBXNativeTarget "DistanceBuddy" */ = {
			isa = XCConfigurationList;
			buildConfigurations = (
				B92E4BD12368E65A002E5966 /* Debug */,
				B92E4BD22368E65A002E5966 /* Release */,
			);
			defaultConfigurationIsVisible = 0;
			defaultConfigurationName = Release;
		};
		B979CB12237728AE0084BB9B /* Build configuration list for PBXNativeTarget "DistanceBuddyTests" */ = {
			isa = XCConfigurationList;
			buildConfigurations = (
				B979CB10237728AE0084BB9B /* Debug */,
				B979CB11237728AE0084BB9B /* Release */,
			);
			defaultConfigurationIsVisible = 0;
			defaultConfigurationName = Release;
		};
/* End XCConfigurationList section */

/* Begin XCVersionGroup section */
		B901E0782371955500EC6E4B /* Workouts.xcdatamodeld */ = {
			isa = XCVersionGroup;
			children = (
				B901E0792371955500EC6E4B /* Workouts.xcdatamodel */,
			);
			currentVersion = B901E0792371955500EC6E4B /* Workouts.xcdatamodel */;
			path = Workouts.xcdatamodeld;
			sourceTree = "<group>";
			versionGroupType = wrapper.xcdatamodel;
		};
/* End XCVersionGroup section */
	};
	rootObject = B92E4BB42368E659002E5966 /* Project object */;
}
